
Microsoft Visual Studio Solution File, Format Version 12.00
# Visual Studio Version 16
VisualStudioVersion = 16.0.31321.278
MinimumVisualStudioVersion = 10.0.40219.1
Project("{2150E333-8FDC-42A3-9474-1A3956D46DE8}") = "Services", "Services", "{E19A9448-2A02-42CD-A1C5-0D4CD90D81CF}"
EndProject
Project("{2150E333-8FDC-42A3-9474-1A3956D46DE8}") = "Catalog", "Catalog", "{EFB7331A-2328-425F-A818-69DF124CC859}"
EndProject
Project("{9A19103F-16F7-4668-BE54-9A1E7A4F7556}") = "Product.API", "Services\Catalog\Product.API\Product.API.csproj", "{9760B32A-0593-4586-AFFA-2CDE8BA227E9}"
EndProject
Project("{2150E333-8FDC-42A3-9474-1A3956D46DE8}") = "Solution Items", "Solution Items", "{5360530B-450A-4186-B3D3-85F56ACBEDCF}"
	ProjectSection(SolutionItems) = preProject
		Ports.txt = Ports.txt
	EndProjectSection
EndProject
Project("{2150E333-8FDC-42A3-9474-1A3956D46DE8}") = "Authentication", "Authentication", "{38417487-7652-4060-9EC6-6FB8EF1A29F4}"
EndProject
Project("{9A19103F-16F7-4668-BE54-9A1E7A4F7556}") = "Authentication.API", "Services\Authentication\Authentication.API\Authentication.API.csproj", "{CCC67712-348B-4BC4-A292-A0B4FFFF6C66}"
EndProject
Project("{2150E333-8FDC-42A3-9474-1A3956D46DE8}") = "Gateway", "Gateway", "{A45374CA-E4F1-46DE-BE5E-71FD81859B1A}"
EndProject
Project("{FAE04EC0-301F-11D3-BF4B-00C04F79EFBC}") = "Gateway.API", "Gateway\Gateway.API\Gateway.API.csproj", "{77EDCB62-DDDF-4F7E-B578-5E6C96A0F0D9}"
EndProject
Global
	GlobalSection(SolutionConfigurationPlatforms) = preSolution
		Debug|Any CPU = Debug|Any CPU
		Release|Any CPU = Release|Any CPU
	EndGlobalSection
	GlobalSection(ProjectConfigurationPlatforms) = postSolution
		{9760B32A-0593-4586-AFFA-2CDE8BA227E9}.Debug|Any CPU.ActiveCfg = Debug|Any CPU
		{9760B32A-0593-4586-AFFA-2CDE8BA227E9}.Debug|Any CPU.Build.0 = Debug|Any CPU
		{9760B32A-0593-4586-AFFA-2CDE8BA227E9}.Release|Any CPU.ActiveCfg = Release|Any CPU
		{9760B32A-0593-4586-AFFA-2CDE8BA227E9}.Release|Any CPU.Build.0 = Release|Any CPU
		{CCC67712-348B-4BC4-A292-A0B4FFFF6C66}.Debug|Any CPU.ActiveCfg = Debug|Any CPU
		{CCC67712-348B-4BC4-A292-A0B4FFFF6C66}.Debug|Any CPU.Build.0 = Debug|Any CPU
		{CCC67712-348B-4BC4-A292-A0B4FFFF6C66}.Release|Any CPU.ActiveCfg = Release|Any CPU
		{CCC67712-348B-4BC4-A292-A0B4FFFF6C66}.Release|Any CPU.Build.0 = Release|Any CPU
		{77EDCB62-DDDF-4F7E-B578-5E6C96A0F0D9}.Debug|Any CPU.ActiveCfg = Debug|Any CPU
		{77EDCB62-DDDF-4F7E-B578-5E6C96A0F0D9}.Debug|Any CPU.Build.0 = Debug|Any CPU
		{77EDCB62-DDDF-4F7E-B578-5E6C96A0F0D9}.Release|Any CPU.ActiveCfg = Release|Any CPU
		{77EDCB62-DDDF-4F7E-B578-5E6C96A0F0D9}.Release|Any CPU.Build.0 = Release|Any CPU
	EndGlobalSection
	GlobalSection(SolutionProperties) = preSolution
		HideSolutionNode = FALSE
	EndGlobalSection
	GlobalSection(NestedProjects) = preSolution
		{EFB7331A-2328-425F-A818-69DF124CC859} = {E19A9448-2A02-42CD-A1C5-0D4CD90D81CF}
		{9760B32A-0593-4586-AFFA-2CDE8BA227E9} = {EFB7331A-2328-425F-A818-69DF124CC859}
		{38417487-7652-4060-9EC6-6FB8EF1A29F4} = {E19A9448-2A02-42CD-A1C5-0D4CD90D81CF}
		{CCC67712-348B-4BC4-A292-A0B4FFFF6C66} = {38417487-7652-4060-9EC6-6FB8EF1A29F4}
		{A45374CA-E4F1-46DE-BE5E-71FD81859B1A} = {E19A9448-2A02-42CD-A1C5-0D4CD90D81CF}
		{77EDCB62-DDDF-4F7E-B578-5E6C96A0F0D9} = {A45374CA-E4F1-46DE-BE5E-71FD81859B1A}
	EndGlobalSection
	GlobalSection(ExtensibilityGlobals) = postSolution
		SolutionGuid = {2109333C-CDE2-49EF-9B5E-457C3EB288DA}
	EndGlobalSection
EndGlobal
